PODS:
  - RxCocoa (6.7.1):
    - RxRelay (= 6.7.1)
    - RxSwift (= 6.7.1)
  - RxRelay (6.7.1):
    - RxSwift (= 6.7.1)
  - RxSwift (6.7.1)

DEPENDENCIES:
  - RxCocoa
  - RxSwift

SPEC REPOS:
  trunk:
    - RxCocoa
    - RxRelay
    - RxSwift

SPEC CHECKSUMS:
  RxCocoa: f5609cb4637587a7faa99c5d5787e3ad582b75a4
  RxRelay: 4151ba01152436b08271e08410135e099880eae5
  RxSwift: b9a93a26031785159e11abd40d1a55bcb8057e52

PODFILE CHECKSUM: 135a360cdee9e5903fd2949760c2d5c823c08378

COCOAPODS: 1.15.2
